
Microsoft Visual Studio Solution File, Format Version 12.00
# Visual Studio 15
VisualStudioVersion = 15.0.27130.2024
MinimumVisualStudioVersion = 10.0.40219.1
Project("{2150E333-8FDC-42A3-9474-1A3956D46DE8}") = "DI", "DI", "{10EBED2D-551A-42D2-B264-641F96C4AD50}"
EndProject
Project("{2150E333-8FDC-42A3-9474-1A3956D46DE8}") = "Domain", "Domain", "{9156C75C-238A-4001-849A-E9CBBD2F56AF}"
EndProject
Project("{2150E333-8FDC-42A3-9474-1A3956D46DE8}") = "Storage", "Storage", "{E0FD2A3C-AA8A-4AEA-B4FE-B11829F78594}"
EndProject
Project("{FAE04EC0-301F-11D3-BF4B-00C04F79EFBC}") = "TouristCenter.Domain", "Domain\TouristCenter.Domain\TouristCenter.Domain.csproj", "{2C53DAA0-3439-4B6E-9611-F6755FFFCED2}"
EndProject
Project("{FAE04EC0-301F-11D3-BF4B-00C04F79EFBC}") = "TouristCenter.Domain.Interfaces", "Domain\TouristCenter.Domain.Interfaces\TouristCenter.Domain.Interfaces.csproj", "{596284CD-C559-4F30-B746-773C9AFAAC22}"
EndProject
Project("{FAE04EC0-301F-11D3-BF4B-00C04F79EFBC}") = "TouristCenter.Storage", "Storage\TouristCenter.Storage\TouristCenter.Storage.csproj", "{FEBE7D7F-1965-4D50-8010-C183EEC33AE7}"
EndProject
Project("{FAE04EC0-301F-11D3-BF4B-00C04F79EFBC}") = "TouristCenter.Storage.Interfaces", "Storage\TouristCenter.Storage.Interfaces\TouristCenter.Storage.Interfaces.csproj", "{FEC1FD16-2985-4A45-A003-22AECA3323D2}"
EndProject
Project("{FAE04EC0-301F-11D3-BF4B-00C04F79EFBC}") = "TouristCenter", "TouristCenter\TouristCenter.csproj", "{977BD9BC-F4E3-4BEF-82FE-E9AE459266B8}"
EndProject
Project("{9A19103F-16F7-4668-BE54-9A1E7A4F7556}") = "Travelx", "Travelx\Travelx.csproj", "{5E389E29-C9FB-48B2-9807-059FAB69DD4D}"
EndProject
Project("{9A19103F-16F7-4668-BE54-9A1E7A4F7556}") = "Travelx.Storage", "Storage\Travelx.Storage\Travelx.Storage.csproj", "{A3D3C9B3-2EE9-4607-80AF-351FFDDEA063}"
EndProject
Project("{9A19103F-16F7-4668-BE54-9A1E7A4F7556}") = "Travelx.Storage.Interfaces", "Storage\Travelx.Storage.Interfaces\Travelx.Storage.Interfaces.csproj", "{D4644B25-6932-4960-AF7F-D525BED07815}"
EndProject
Project("{9A19103F-16F7-4668-BE54-9A1E7A4F7556}") = "DiConfiguration", "DI\DiConfiguration\DiConfiguration.csproj", "{9B34C144-6353-4ABA-84B0-1E7633E66834}"
EndProject
Project("{9A19103F-16F7-4668-BE54-9A1E7A4F7556}") = "Travelx.Domain", "Domain\Travelx.Domain\Travelx.Domain.csproj", "{0EE45125-D65F-49E5-B3FF-9D619149DBAE}"
EndProject
Project("{9A19103F-16F7-4668-BE54-9A1E7A4F7556}") = "Travelx.Domain.Interfaces", "Domain\Travelx.Domain.Interfaces\Travelx.Domain.Interfaces.csproj", "{C564B4E1-FFC1-4924-B615-830D99609667}"
EndProject
Project("{2150E333-8FDC-42A3-9474-1A3956D46DE8}") = "Account", "Account", "{D410B121-B743-44C6-BB61-3D99E05C3816}"
EndProject
Project("{9A19103F-16F7-4668-BE54-9A1E7A4F7556}") = "AccountService", "Account\AccountService\AccountService.csproj", "{1E473863-BE27-4DA3-88C8-C27F9BA03BF1}"
EndProject
Project("{9A19103F-16F7-4668-BE54-9A1E7A4F7556}") = "AccountService.Interfaces", "Account\AccountService.Interfaces\AccountService.Interfaces.csproj", "{1DE49915-4715-438F-BFD5-5698F4453487}"
EndProject
Project("{2150E333-8FDC-42A3-9474-1A3956D46DE8}") = "Email", "Email", "{BCB0BE8F-E6AD-4D0E-AADD-2F9087EA0F80}"
EndProject
Project("{FAE04EC0-301F-11D3-BF4B-00C04F79EFBC}") = "EmailSender", "Email\EmailSender\EmailSender.csproj", "{055F04A7-1BB5-4B59-B913-2DF229CCE8B4}"
EndProject
Project("{FAE04EC0-301F-11D3-BF4B-00C04F79EFBC}") = "EmailSender.Interfaces", "Email\EmailSender.Interfaces\EmailSender.Interfaces.csproj", "{2B81F2A2-96CD-484C-88AC-E44F89A716F5}"
EndProject
Global
	GlobalSection(SolutionConfigurationPlatforms) = preSolution
		Debug|Any CPU = Debug|Any CPU
		Release|Any CPU = Release|Any CPU
	EndGlobalSection
	GlobalSection(ProjectConfigurationPlatforms) = postSolution
		{2C53DAA0-3439-4B6E-9611-F6755FFFCED2}.Debug|Any CPU.ActiveCfg = Debug|Any CPU
		{2C53DAA0-3439-4B6E-9611-F6755FFFCED2}.Debug|Any CPU.Build.0 = Debug|Any CPU
		{2C53DAA0-3439-4B6E-9611-F6755FFFCED2}.Release|Any CPU.ActiveCfg = Release|Any CPU
		{2C53DAA0-3439-4B6E-9611-F6755FFFCED2}.Release|Any CPU.Build.0 = Release|Any CPU
		{596284CD-C559-4F30-B746-773C9AFAAC22}.Debug|Any CPU.ActiveCfg = Debug|Any CPU
		{596284CD-C559-4F30-B746-773C9AFAAC22}.Debug|Any CPU.Build.0 = Debug|Any CPU
		{596284CD-C559-4F30-B746-773C9AFAAC22}.Release|Any CPU.ActiveCfg = Release|Any CPU
		{596284CD-C559-4F30-B746-773C9AFAAC22}.Release|Any CPU.Build.0 = Release|Any CPU
		{FEBE7D7F-1965-4D50-8010-C183EEC33AE7}.Debug|Any CPU.ActiveCfg = Debug|Any CPU
		{FEBE7D7F-1965-4D50-8010-C183EEC33AE7}.Debug|Any CPU.Build.0 = Debug|Any CPU
		{FEBE7D7F-1965-4D50-8010-C183EEC33AE7}.Release|Any CPU.ActiveCfg = Release|Any CPU
		{FEBE7D7F-1965-4D50-8010-C183EEC33AE7}.Release|Any CPU.Build.0 = Release|Any CPU
		{FEC1FD16-2985-4A45-A003-22AECA3323D2}.Debug|Any CPU.ActiveCfg = Debug|Any CPU
		{FEC1FD16-2985-4A45-A003-22AECA3323D2}.Debug|Any CPU.Build.0 = Debug|Any CPU
		{FEC1FD16-2985-4A45-A003-22AECA3323D2}.Release|Any CPU.ActiveCfg = Release|Any CPU
		{FEC1FD16-2985-4A45-A003-22AECA3323D2}.Release|Any CPU.Build.0 = Release|Any CPU
		{977BD9BC-F4E3-4BEF-82FE-E9AE459266B8}.Debug|Any CPU.ActiveCfg = Debug|Any CPU
		{977BD9BC-F4E3-4BEF-82FE-E9AE459266B8}.Debug|Any CPU.Build.0 = Debug|Any CPU
		{977BD9BC-F4E3-4BEF-82FE-E9AE459266B8}.Release|Any CPU.ActiveCfg = Release|Any CPU
		{977BD9BC-F4E3-4BEF-82FE-E9AE459266B8}.Release|Any CPU.Build.0 = Release|Any CPU
		{5E389E29-C9FB-48B2-9807-059FAB69DD4D}.Debug|Any CPU.ActiveCfg = Debug|Any CPU
		{5E389E29-C9FB-48B2-9807-059FAB69DD4D}.Debug|Any CPU.Build.0 = Debug|Any CPU
		{5E389E29-C9FB-48B2-9807-059FAB69DD4D}.Release|Any CPU.ActiveCfg = Release|Any CPU
		{5E389E29-C9FB-48B2-9807-059FAB69DD4D}.Release|Any CPU.Build.0 = Release|Any CPU
		{A3D3C9B3-2EE9-4607-80AF-351FFDDEA063}.Debug|Any CPU.ActiveCfg = Debug|Any CPU
		{A3D3C9B3-2EE9-4607-80AF-351FFDDEA063}.Debug|Any CPU.Build.0 = Debug|Any CPU
		{A3D3C9B3-2EE9-4607-80AF-351FFDDEA063}.Release|Any CPU.ActiveCfg = Release|Any CPU
		{A3D3C9B3-2EE9-4607-80AF-351FFDDEA063}.Release|Any CPU.Build.0 = Release|Any CPU
		{D4644B25-6932-4960-AF7F-D525BED07815}.Debug|Any CPU.ActiveCfg = Debug|Any CPU
		{D4644B25-6932-4960-AF7F-D525BED07815}.Debug|Any CPU.Build.0 = Debug|Any CPU
		{D4644B25-6932-4960-AF7F-D525BED07815}.Release|Any CPU.ActiveCfg = Release|Any CPU
		{D4644B25-6932-4960-AF7F-D525BED07815}.Release|Any CPU.Build.0 = Release|Any CPU
		{9B34C144-6353-4ABA-84B0-1E7633E66834}.Debug|Any CPU.ActiveCfg = Debug|Any CPU
		{9B34C144-6353-4ABA-84B0-1E7633E66834}.Debug|Any CPU.Build.0 = Debug|Any CPU
		{9B34C144-6353-4ABA-84B0-1E7633E66834}.Release|Any CPU.ActiveCfg = Release|Any CPU
		{9B34C144-6353-4ABA-84B0-1E7633E66834}.Release|Any CPU.Build.0 = Release|Any CPU
		{0EE45125-D65F-49E5-B3FF-9D619149DBAE}.Debug|Any CPU.ActiveCfg = Debug|Any CPU
		{0EE45125-D65F-49E5-B3FF-9D619149DBAE}.Debug|Any CPU.Build.0 = Debug|Any CPU
		{0EE45125-D65F-49E5-B3FF-9D619149DBAE}.Release|Any CPU.ActiveCfg = Release|Any CPU
		{0EE45125-D65F-49E5-B3FF-9D619149DBAE}.Release|Any CPU.Build.0 = Release|Any CPU
		{C564B4E1-FFC1-4924-B615-830D99609667}.Debug|Any CPU.ActiveCfg = Debug|Any CPU
		{C564B4E1-FFC1-4924-B615-830D99609667}.Debug|Any CPU.Build.0 = Debug|Any CPU
		{C564B4E1-FFC1-4924-B615-830D99609667}.Release|Any CPU.ActiveCfg = Release|Any CPU
		{C564B4E1-FFC1-4924-B615-830D99609667}.Release|Any CPU.Build.0 = Release|Any CPU
		{1E473863-BE27-4DA3-88C8-C27F9BA03BF1}.Debug|Any CPU.ActiveCfg = Debug|Any CPU
		{1E473863-BE27-4DA3-88C8-C27F9BA03BF1}.Debug|Any CPU.Build.0 = Debug|Any CPU
		{1E473863-BE27-4DA3-88C8-C27F9BA03BF1}.Release|Any CPU.ActiveCfg = Release|Any CPU
		{1E473863-BE27-4DA3-88C8-C27F9BA03BF1}.Release|Any CPU.Build.0 = Release|Any CPU
		{1DE49915-4715-438F-BFD5-5698F4453487}.Debug|Any CPU.ActiveCfg = Debug|Any CPU
		{1DE49915-4715-438F-BFD5-5698F4453487}.Debug|Any CPU.Build.0 = Debug|Any CPU
		{1DE49915-4715-438F-BFD5-5698F4453487}.Release|Any CPU.ActiveCfg = Release|Any CPU
		{1DE49915-4715-438F-BFD5-5698F4453487}.Release|Any CPU.Build.0 = Release|Any CPU
		{055F04A7-1BB5-4B59-B913-2DF229CCE8B4}.Debug|Any CPU.ActiveCfg = Debug|Any CPU
		{055F04A7-1BB5-4B59-B913-2DF229CCE8B4}.Debug|Any CPU.Build.0 = Debug|Any CPU
		{055F04A7-1BB5-4B59-B913-2DF229CCE8B4}.Release|Any CPU.ActiveCfg = Release|Any CPU
		{055F04A7-1BB5-4B59-B913-2DF229CCE8B4}.Release|Any CPU.Build.0 = Release|Any CPU
		{2B81F2A2-96CD-484C-88AC-E44F89A716F5}.Debug|Any CPU.ActiveCfg = Debug|Any CPU
		{2B81F2A2-96CD-484C-88AC-E44F89A716F5}.Debug|Any CPU.Build.0 = Debug|Any CPU
		{2B81F2A2-96CD-484C-88AC-E44F89A716F5}.Release|Any CPU.ActiveCfg = Release|Any CPU
		{2B81F2A2-96CD-484C-88AC-E44F89A716F5}.Release|Any CPU.Build.0 = Release|Any CPU
	EndGlobalSection
	GlobalSection(SolutionProperties) = preSolution
		HideSolutionNode = FALSE
	EndGlobalSection
	GlobalSection(NestedProjects) = preSolution
		{2C53DAA0-3439-4B6E-9611-F6755FFFCED2} = {9156C75C-238A-4001-849A-E9CBBD2F56AF}
		{596284CD-C559-4F30-B746-773C9AFAAC22} = {9156C75C-238A-4001-849A-E9CBBD2F56AF}
		{FEBE7D7F-1965-4D50-8010-C183EEC33AE7} = {E0FD2A3C-AA8A-4AEA-B4FE-B11829F78594}
		{FEC1FD16-2985-4A45-A003-22AECA3323D2} = {E0FD2A3C-AA8A-4AEA-B4FE-B11829F78594}
		{A3D3C9B3-2EE9-4607-80AF-351FFDDEA063} = {E0FD2A3C-AA8A-4AEA-B4FE-B11829F78594}
		{D4644B25-6932-4960-AF7F-D525BED07815} = {E0FD2A3C-AA8A-4AEA-B4FE-B11829F78594}
		{9B34C144-6353-4ABA-84B0-1E7633E66834} = {10EBED2D-551A-42D2-B264-641F96C4AD50}
		{0EE45125-D65F-49E5-B3FF-9D619149DBAE} = {9156C75C-238A-4001-849A-E9CBBD2F56AF}
		{C564B4E1-FFC1-4924-B615-830D99609667} = {9156C75C-238A-4001-849A-E9CBBD2F56AF}
		{1E473863-BE27-4DA3-88C8-C27F9BA03BF1} = {D410B121-B743-44C6-BB61-3D99E05C3816}
		{1DE49915-4715-438F-BFD5-5698F4453487} = {D410B121-B743-44C6-BB61-3D99E05C3816}
		{055F04A7-1BB5-4B59-B913-2DF229CCE8B4} = {BCB0BE8F-E6AD-4D0E-AADD-2F9087EA0F80}
		{2B81F2A2-96CD-484C-88AC-E44F89A716F5} = {BCB0BE8F-E6AD-4D0E-AADD-2F9087EA0F80}
	EndGlobalSection
	GlobalSection(ExtensibilityGlobals) = postSolution
		SolutionGuid = {E8539D56-1F01-4515-8DD7-B7AEAECFF52C}
	EndGlobalSection
EndGlobal
