
Microsoft Visual Studio Solution File, Format Version 12.00
# Visual Studio 15
VisualStudioVersion = 15.0.27130.2024
MinimumVisualStudioVersion = 10.0.40219.1
Project("{2150E333-8FDC-42A3-9474-1A3956D46DE8}") = "DI", "DI", "{10EBED2D-551A-42D2-B264-641F96C4AD50}"
EndProject
Project("{2150E333-8FDC-42A3-9474-1A3956D46DE8}") = "Domain", "Domain", "{9156C75C-238A-4001-849A-E9CBBD2F56AF}"
EndProject
Project("{2150E333-8FDC-42A3-9474-1A3956D46DE8}") = "Storage", "Storage", "{E0FD2A3C-AA8A-4AEA-B4FE-B11829F78594}"
EndProject
Project("{FAE04EC0-301F-11D3-BF4B-00C04F79EFBC}") = "DiConfiguration", "DI\DiConfiguration\DiConfiguration.csproj", "{2D39C03E-2F55-4C00-8D2D-66012AE4DFFF}"
EndProject
Project("{FAE04EC0-301F-11D3-BF4B-00C04F79EFBC}") = "TouristCenter.Domain", "Domain\TouristCenter.Domain\TouristCenter.Domain.csproj", "{2C53DAA0-3439-4B6E-9611-F6755FFFCED2}"
EndProject
Project("{FAE04EC0-301F-11D3-BF4B-00C04F79EFBC}") = "TouristCenter.Domain.Interfaces", "Domain\TouristCenter.Domain.Interfaces\TouristCenter.Domain.Interfaces.csproj", "{596284CD-C559-4F30-B746-773C9AFAAC22}"
EndProject
Project("{FAE04EC0-301F-11D3-BF4B-00C04F79EFBC}") = "TouristCenter.Storage", "Storage\TouristCenter.Storage\TouristCenter.Storage.csproj", "{FEBE7D7F-1965-4D50-8010-C183EEC33AE7}"
EndProject
Project("{FAE04EC0-301F-11D3-BF4B-00C04F79EFBC}") = "TouristCenter.Storage.Interfaces", "Storage\TouristCenter.Storage.Interfaces\TouristCenter.Storage.Interfaces.csproj", "{FEC1FD16-2985-4A45-A003-22AECA3323D2}"
EndProject
Project("{FAE04EC0-301F-11D3-BF4B-00C04F79EFBC}") = "TouristCenter", "TouristCenter\TouristCenter.csproj", "{977BD9BC-F4E3-4BEF-82FE-E9AE459266B8}"
EndProject
Project("{2150E333-8FDC-42A3-9474-1A3956D46DE8}") = "AccountService", "AccountService", "{BC932D5C-1958-43CA-992A-D43BE339D4D7}"
EndProject
Project("{FAE04EC0-301F-11D3-BF4B-00C04F79EFBC}") = "AccountService", "AccountService\AccountService\AccountService.csproj", "{8DAD8D5F-C9D2-46BA-AE43-CB3686C3B11C}"
EndProject
Project("{FAE04EC0-301F-11D3-BF4B-00C04F79EFBC}") = "AccountService.Interfaces", "AccountService\AccountService.Interfaces\AccountService.Interfaces.csproj", "{21F0CA1A-C152-4FE5-B92B-D824542EE7C6}"
EndProject
Global
	GlobalSection(SolutionConfigurationPlatforms) = preSolution
		Debug|Any CPU = Debug|Any CPU
		Release|Any CPU = Release|Any CPU
	EndGlobalSection
	GlobalSection(ProjectConfigurationPlatforms) = postSolution
		{2D39C03E-2F55-4C00-8D2D-66012AE4DFFF}.Debug|Any CPU.ActiveCfg = Debug|Any CPU
		{2D39C03E-2F55-4C00-8D2D-66012AE4DFFF}.Debug|Any CPU.Build.0 = Debug|Any CPU
		{2D39C03E-2F55-4C00-8D2D-66012AE4DFFF}.Release|Any CPU.ActiveCfg = Release|Any CPU
		{2D39C03E-2F55-4C00-8D2D-66012AE4DFFF}.Release|Any CPU.Build.0 = Release|Any CPU
		{2C53DAA0-3439-4B6E-9611-F6755FFFCED2}.Debug|Any CPU.ActiveCfg = Debug|Any CPU
		{2C53DAA0-3439-4B6E-9611-F6755FFFCED2}.Debug|Any CPU.Build.0 = Debug|Any CPU
		{2C53DAA0-3439-4B6E-9611-F6755FFFCED2}.Release|Any CPU.ActiveCfg = Release|Any CPU
		{2C53DAA0-3439-4B6E-9611-F6755FFFCED2}.Release|Any CPU.Build.0 = Release|Any CPU
		{596284CD-C559-4F30-B746-773C9AFAAC22}.Debug|Any CPU.ActiveCfg = Debug|Any CPU
		{596284CD-C559-4F30-B746-773C9AFAAC22}.Debug|Any CPU.Build.0 = Debug|Any CPU
		{596284CD-C559-4F30-B746-773C9AFAAC22}.Release|Any CPU.ActiveCfg = Release|Any CPU
		{596284CD-C559-4F30-B746-773C9AFAAC22}.Release|Any CPU.Build.0 = Release|Any CPU
		{FEBE7D7F-1965-4D50-8010-C183EEC33AE7}.Debug|Any CPU.ActiveCfg = Debug|Any CPU
		{FEBE7D7F-1965-4D50-8010-C183EEC33AE7}.Debug|Any CPU.Build.0 = Debug|Any CPU
		{FEBE7D7F-1965-4D50-8010-C183EEC33AE7}.Release|Any CPU.ActiveCfg = Release|Any CPU
		{FEBE7D7F-1965-4D50-8010-C183EEC33AE7}.Release|Any CPU.Build.0 = Release|Any CPU
		{FEC1FD16-2985-4A45-A003-22AECA3323D2}.Debug|Any CPU.ActiveCfg = Debug|Any CPU
		{FEC1FD16-2985-4A45-A003-22AECA3323D2}.Debug|Any CPU.Build.0 = Debug|Any CPU
		{FEC1FD16-2985-4A45-A003-22AECA3323D2}.Release|Any CPU.ActiveCfg = Release|Any CPU
		{FEC1FD16-2985-4A45-A003-22AECA3323D2}.Release|Any CPU.Build.0 = Release|Any CPU
		{977BD9BC-F4E3-4BEF-82FE-E9AE459266B8}.Debug|Any CPU.ActiveCfg = Debug|Any CPU
		{977BD9BC-F4E3-4BEF-82FE-E9AE459266B8}.Debug|Any CPU.Build.0 = Debug|Any CPU
		{977BD9BC-F4E3-4BEF-82FE-E9AE459266B8}.Release|Any CPU.ActiveCfg = Release|Any CPU
		{977BD9BC-F4E3-4BEF-82FE-E9AE459266B8}.Release|Any CPU.Build.0 = Release|Any CPU
		{8DAD8D5F-C9D2-46BA-AE43-CB3686C3B11C}.Debug|Any CPU.ActiveCfg = Debug|Any CPU
		{8DAD8D5F-C9D2-46BA-AE43-CB3686C3B11C}.Debug|Any CPU.Build.0 = Debug|Any CPU
		{8DAD8D5F-C9D2-46BA-AE43-CB3686C3B11C}.Release|Any CPU.ActiveCfg = Release|Any CPU
		{8DAD8D5F-C9D2-46BA-AE43-CB3686C3B11C}.Release|Any CPU.Build.0 = Release|Any CPU
		{21F0CA1A-C152-4FE5-B92B-D824542EE7C6}.Debug|Any CPU.ActiveCfg = Debug|Any CPU
		{21F0CA1A-C152-4FE5-B92B-D824542EE7C6}.Debug|Any CPU.Build.0 = Debug|Any CPU
		{21F0CA1A-C152-4FE5-B92B-D824542EE7C6}.Release|Any CPU.ActiveCfg = Release|Any CPU
		{21F0CA1A-C152-4FE5-B92B-D824542EE7C6}.Release|Any CPU.Build.0 = Release|Any CPU
	EndGlobalSection
	GlobalSection(SolutionProperties) = preSolution
		HideSolutionNode = FALSE
	EndGlobalSection
	GlobalSection(NestedProjects) = preSolution
		{2D39C03E-2F55-4C00-8D2D-66012AE4DFFF} = {10EBED2D-551A-42D2-B264-641F96C4AD50}
		{2C53DAA0-3439-4B6E-9611-F6755FFFCED2} = {9156C75C-238A-4001-849A-E9CBBD2F56AF}
		{596284CD-C559-4F30-B746-773C9AFAAC22} = {9156C75C-238A-4001-849A-E9CBBD2F56AF}
		{FEBE7D7F-1965-4D50-8010-C183EEC33AE7} = {E0FD2A3C-AA8A-4AEA-B4FE-B11829F78594}
		{FEC1FD16-2985-4A45-A003-22AECA3323D2} = {E0FD2A3C-AA8A-4AEA-B4FE-B11829F78594}
		{8DAD8D5F-C9D2-46BA-AE43-CB3686C3B11C} = {BC932D5C-1958-43CA-992A-D43BE339D4D7}
		{21F0CA1A-C152-4FE5-B92B-D824542EE7C6} = {BC932D5C-1958-43CA-992A-D43BE339D4D7}
	EndGlobalSection
	GlobalSection(ExtensibilityGlobals) = postSolution
		SolutionGuid = {E8539D56-1F01-4515-8DD7-B7AEAECFF52C}
	EndGlobalSection
EndGlobal
